<Solution>
  <Folder Name="/foundation/src/">
    <Project Path="foundation/src/Qavren.Edge.Core/Qavren.Edge.Core.csproj" />
    <Project Path="foundation/src/Qavren.Edge.Maui/Qavren.Edge.Maui.csproj" />
    <Project Path="foundation/src/Qavren.Edge.Sqlite/Qavren.Edge.Sqlite.csproj" />
    <Project Path="foundation/src/Qavren.Edge.Sqlite.Provider/Qavren.Edge.Sqlite.Provider.csproj" />
    <Project Path="foundation/src/Qavren.Edge.Sqlite.Native/Qavren.Edge.Sqlite.Native.csproj" />
    <Project Path="foundation/src/Qavren.Edge.Sqlite.Native.Cipher/Qavren.Edge.Sqlite.Native.Cipher.csproj" />
    <Project Path="foundation/src/Qavren.Edge/Qavren.Edge.csproj" />
  </Folder>
  <Folder Name="/foundation/tests/">
    <Project Path="foundation/tests/Qavren.Edge.Core.Tests/Qavren.Edge.Core.Tests.csproj" />
    <Project Path="foundation/tests/Qavren.Edge.Sqlite.Tests/Qavren.Edge.Sqlite.Tests.csproj" />
    <Project Path="foundation/tests/Qavren.Edge.Sqlite.Cipher.Tests/Qavren.Edge.Sqlite.Cipher.Tests.csproj" />
    <Project Path="foundation/tests/Qavren.Edge.Provider.Tests/Qavren.Edge.Provider.Tests.csproj" />
    <Project Path="foundation/tests/Qavren.Edge.DeviceTests/Qavren.Edge.DeviceTests.csproj" />
  </Folder>
  <Folder Name="/foundation/tools/">
    <Project Path="foundation/tools/ProviderGen/ProviderGen.csproj" />
  </Folder>
  <Folder Name="/foundation/samples/">
    <Project Path="foundation/samples/Qavren.Edge.Sample/Qavren.Edge.Sample.csproj" />
  </Folder>
  <Folder Name="/embeddings/src/">
    <Project Path="embeddings/src/Qavren.Edge.Onnx/Qavren.Edge.Onnx.csproj" />
    <Project Path="embeddings/src/Qavren.Edge.Embeddings.Onnx/Qavren.Edge.Embeddings.Onnx.csproj" />
    <Project Path="embeddings/src/Qavren.Edge.VectorData/Qavren.Edge.VectorData.csproj" />
  </Folder>
  <Folder Name="/embeddings/tests/">
    <Project Path="embeddings/tests/Qavren.Edge.Onnx.Tests/Qavren.Edge.Onnx.Tests.csproj" />
    <Project Path="embeddings/tests/Qavren.Edge.Embeddings.Tests/Qavren.Edge.Embeddings.Tests.csproj" />
    <Project Path="embeddings/tests/Qavren.Edge.VectorData.Tests/Qavren.Edge.VectorData.Tests.csproj" />
    <Project Path="embeddings/tests/Qavren.Edge.VectorData.Conformance.Tests/Qavren.Edge.VectorData.Conformance.Tests.csproj" />
  </Folder>
  <Folder Name="/embeddings/tools/">
    <Project Path="embeddings/tools/Qavren.Edge.TrimSmoke/Qavren.Edge.TrimSmoke.csproj" />
  </Folder>
  <Folder Name="/ingestion/src/">
    <Project Path="ingestion/src/Qavren.Edge.Ingestion/Qavren.Edge.Ingestion.csproj" />
    <Project Path="ingestion/src/Qavren.Edge.Ingestion.Pdf/Qavren.Edge.Ingestion.Pdf.csproj" />
    <Project Path="ingestion/src/Qavren.Edge.Ingestion.OpenXml/Qavren.Edge.Ingestion.OpenXml.csproj" />
    <Project Path="ingestion/src/Qavren.Edge.Ingestion.Onnx/Qavren.Edge.Ingestion.Onnx.csproj" />
    <Project Path="ingestion/src/Qavren.Edge.Ingestion.DataIngestion/Qavren.Edge.Ingestion.DataIngestion.csproj" />
  </Folder>
  <Folder Name="/ingestion/tests/">
    <Project Path="ingestion/tests/Qavren.Edge.Ingestion.Tests/Qavren.Edge.Ingestion.Tests.csproj" />
    <Project Path="ingestion/tests/Qavren.Edge.Ingestion.Extractors.Tests/Qavren.Edge.Ingestion.Extractors.Tests.csproj" />
    <Project Path="ingestion/tests/Qavren.Edge.Ingestion.Onnx.Tests/Qavren.Edge.Ingestion.Onnx.Tests.csproj" />
    <Project Path="ingestion/tests/Qavren.Edge.Ingestion.DataIngestion.Tests/Qavren.Edge.Ingestion.DataIngestion.Tests.csproj" />
  </Folder>
  <Folder Name="/ingestion/samples/">
    <Project Path="ingestion/samples/Ingestion.Background.Android/Ingestion.Background.Android.csproj" />
    <Project Path="ingestion/samples/Ingestion.Background.iOS/Ingestion.Background.iOS.csproj" />
  </Folder>
</Solution>
